[{<<"cowboy">>,
  {git,"https://github.com/extend/cowboy.git",
       {ref,"27ecd7fca1c9111a09beb42ffe7efea0c317fd45"}},
  0},
 {<<"cowlib">>,
  {git,"https://github.com/ninenines/cowlib.git",
       {ref,"14e597baa42a436469f99661ed7994685e269dc2"}},
  1},
 {<<"erlydtl">>,
  {git,"https://github.com/erlydtl/erlydtl.git",
       {ref,"d2d120c499b72dc51c6d81d7b0609102c0549928"}},
  0},
 {<<"eunit_formatters">>,
  {git,"git://github.com/seancribbs/eunit_formatters",
       {ref,"35e3e6ab2db48af776a1a21bba6f1461c97caacb"}},
  1},
 {<<"goldrush">>,
  {git,"git://github.com/DeadZen/goldrush.git",
       {ref,"64864ba7fcf40988361340e48680b49a2c2938cf"}},
  1},
 {<<"jiffy">>,
  {git,"git://github.com/davisp/jiffy.git",
       {ref,"cfc61a2e952dc3182e0f9b1473467563699992e2"}},
  0},
 {<<"lager">>,
  {git,"git://github.com/basho/lager",
       {ref,"4d2ec8c701e1fa2d386f92f2b83b23faf8608ac3"}},
  0},
 {<<"ranch">>,
  {git,"https://github.com/ninenines/ranch.git",
       {ref,"adf1822defc2b7cfdc7aca112adabfa1d614043c"}},
  1}].
